
Microsoft Visual Studio Solution File, Format Version 12.00
# Visual Studio Version 17
VisualStudioVersion = 17.4.33205.214
MinimumVisualStudioVersion = 10.0.40219.1
Project("{8BC9CEB8-8B4A-11D0-8D11-00A0C91BC942}") = "HW_8.OOP", "HW_8.OOP\HW_8.OOP.vcxproj", "{D43D4B6B-D3D5-4097-A857-C003B56A48EE}"
EndProject
Global
	GlobalSection(SolutionConfigurationPlatforms) = preSolution
		Debug|x64 = Debug|x64
		Debug|x86 = Debug|x86
		Release|x64 = Release|x64
		Release|x86 = Release|x86
	EndGlobalSection
	GlobalSection(ProjectConfigurationPlatforms) = postSolution
		{D43D4B6B-D3D5-4097-A857-C003B56A48EE}.Debug|x64.ActiveCfg = Debug|x64
		{D43D4B6B-D3D5-4097-A857-C003B56A48EE}.Debug|x64.Build.0 = Debug|x64
		{D43D4B6B-D3D5-4097-A857-C003B56A48EE}.Debug|x86.ActiveCfg = Debug|Win32
		{D43D4B6B-D3D5-4097-A857-C003B56A48EE}.Debug|x86.Build.0 = Debug|Win32
		{D43D4B6B-D3D5-4097-A857-C003B56A48EE}.Release|x64.ActiveCfg = Release|x64
		{D43D4B6B-D3D5-4097-A857-C003B56A48EE}.Release|x64.Build.0 = Release|x64
		{D43D4B6B-D3D5-4097-A857-C003B56A48EE}.Release|x86.ActiveCfg = Release|Win32
		{D43D4B6B-D3D5-4097-A857-C003B56A48EE}.Release|x86.Build.0 = Release|Win32
	EndGlobalSection
	GlobalSection(SolutionProperties) = preSolution
		HideSolutionNode = FALSE
	EndGlobalSection
	GlobalSection(ExtensibilityGlobals) = postSolution
		SolutionGuid = {3CA4823F-B7F4-480D-9992-45DC455B958E}
	EndGlobalSection
EndGlobal
